// !$*UTF8*$!
{
	archiveVersion = 1;
	classes = {
	};
	objectVersion = 56;
	objects = {

/* Begin PBXBuildFile section */
		74768C172ADB335700C0EABB /* BundleExtensionsTests.swift in Sources */ = {isa = PBXBuildFile; fileRef = 74768C162ADB335700C0EABB /* BundleExtensionsTests.swift */; };
		74DD80882ADAFD1800021852 /* Bundle+Extensions.swift in Sources */ = {isa = PBXBuildFile; fileRef = 74DD80872ADAFD1800021852 /* Bundle+Extensions.swift */; };
		74DD808A2ADB154F00021852 /* OSLog+Extensions.swift in Sources */ = {isa = PBXBuildFile; fileRef = 74DD80892ADB154F00021852 /* OSLog+Extensions.swift */; };
		7928AA2E2ABF9F7800F94EDF /* Feige.framework in Frameworks */ = {isa = PBXBuildFile; fileRef = 7928AA232ABF9F7800F94EDF /* Feige.framework */; };
		7928AA332ABF9F7800F94EDF /* ScopeFunctionsTests.swift in Sources */ = {isa = PBXBuildFile; fileRef = 7928AA322ABF9F7800F94EDF /* ScopeFunctionsTests.swift */; };
		7928AA342ABF9F7800F94EDF /* Feige.h in Headers */ = {isa = PBXBuildFile; fileRef = 7928AA262ABF9F7800F94EDF /* Feige.h */; settings = {ATTRIBUTES = (Public, ); }; };
		7928AA402ABFCE8F00F94EDF /* ScopeFunctions.swift in Sources */ = {isa = PBXBuildFile; fileRef = 7928AA3D2ABFA0D500F94EDF /* ScopeFunctions.swift */; };
		796567DF2AD1E770007EE6CB /* IndirectReference.swift in Sources */ = {isa = PBXBuildFile; fileRef = 796567DE2AD1E770007EE6CB /* IndirectReference.swift */; };
		796567E12AD1E9A7007EE6CB /* WeakReference.swift in Sources */ = {isa = PBXBuildFile; fileRef = 796567E02AD1E9A7007EE6CB /* WeakReference.swift */; };
		796567E32AD1EDAF007EE6CB /* ReadWriteLock.swift in Sources */ = {isa = PBXBuildFile; fileRef = 796567E22AD1EDAF007EE6CB /* ReadWriteLock.swift */; };
		796567E52AD1F16C007EE6CB /* Emptyable.swift in Sources */ = {isa = PBXBuildFile; fileRef = 796567E42AD1F16C007EE6CB /* Emptyable.swift */; };
		796567E72AD1FAC9007EE6CB /* EmptyValueRepresentable.swift in Sources */ = {isa = PBXBuildFile; fileRef = 796567E62AD1FAC9007EE6CB /* EmptyValueRepresentable.swift */; };
		796567E92AD1FD4E007EE6CB /* Array+Extensions.swift in Sources */ = {isa = PBXBuildFile; fileRef = 796567E82AD1FD4E007EE6CB /* Array+Extensions.swift */; };
		796567EB2AD2022F007EE6CB /* Error+Extensions.swift in Sources */ = {isa = PBXBuildFile; fileRef = 796567EA2AD2022F007EE6CB /* Error+Extensions.swift */; };
		796567ED2AD20545007EE6CB /* KeyPath+Extensions.swift in Sources */ = {isa = PBXBuildFile; fileRef = 796567EC2AD20545007EE6CB /* KeyPath+Extensions.swift */; };
		796567EF2AD2073F007EE6CB /* NSDecimalNumber+Extensions.swift in Sources */ = {isa = PBXBuildFile; fileRef = 796567EE2AD2073F007EE6CB /* NSDecimalNumber+Extensions.swift */; };
		796567F12AD21179007EE6CB /* Optional+Extensions.swift in Sources */ = {isa = PBXBuildFile; fileRef = 796567F02AD21179007EE6CB /* Optional+Extensions.swift */; };
		796567F32AD213D8007EE6CB /* EmptyableTests.swift in Sources */ = {isa = PBXBuildFile; fileRef = 796567F22AD213D8007EE6CB /* EmptyableTests.swift */; };
		799322D92AC5294C00AAD49C /* Bool+Extensions.swift in Sources */ = {isa = PBXBuildFile; fileRef = 799322D82AC5294C00AAD49C /* Bool+Extensions.swift */; };
		799322DB2AC52A3500AAD49C /* BoolExtensionsTests.swift in Sources */ = {isa = PBXBuildFile; fileRef = 799322DA2AC52A3500AAD49C /* BoolExtensionsTests.swift */; };
		79B4E00E2ADC62FC0073D2B0 /* CGRect+Extensions.swift in Sources */ = {isa = PBXBuildFile; fileRef = 79B4E00D2ADC62FC0073D2B0 /* CGRect+Extensions.swift */; };
		79B4E0162ADC69030073D2B0 /* BlockTimer.swift in Sources */ = {isa = PBXBuildFile; fileRef = 79B4E0152ADC69030073D2B0 /* BlockTimer.swift */; };
		79B4E0182ADC88760073D2B0 /* String+Extensions.swift in Sources */ = {isa = PBXBuildFile; fileRef = 79B4E0172ADC88760073D2B0 /* String+Extensions.swift */; };
		79B4E0202ADC96150073D2B0 /* AppDelegate.swift in Sources */ = {isa = PBXBuildFile; fileRef = 79B4E01F2ADC96150073D2B0 /* AppDelegate.swift */; };
		79B4E0222ADC96150073D2B0 /* SceneDelegate.swift in Sources */ = {isa = PBXBuildFile; fileRef = 79B4E0212ADC96150073D2B0 /* SceneDelegate.swift */; };
		79B4E0242ADC96150073D2B0 /* ViewController.swift in Sources */ = {isa = PBXBuildFile; fileRef = 79B4E0232ADC96150073D2B0 /* ViewController.swift */; };
		79B4E0292ADC96180073D2B0 /* Assets.xcassets in Resources */ = {isa = PBXBuildFile; fileRef = 79B4E0282ADC96180073D2B0 /* Assets.xcassets */; };
		79B4E02C2ADC96180073D2B0 /* LaunchScreen.storyboard in Resources */ = {isa = PBXBuildFile; fileRef = 79B4E02A2ADC96180073D2B0 /* LaunchScreen.storyboard */; };
		79B4E0322ADC962D0073D2B0 /* Feige.framework in Frameworks */ = {isa = PBXBuildFile; fileRef = 7928AA232ABF9F7800F94EDF /* Feige.framework */; };
		79B4E0332ADC962D0073D2B0 /* Feige.framework in Embed Frameworks */ = {isa = PBXBuildFile; fileRef = 7928AA232ABF9F7800F94EDF /* Feige.framework */; settings = {ATTRIBUTES = (CodeSignOnCopy, RemoveHeadersOnCopy, ); }; };
		79B4E0382ADC963D0073D2B0 /* ViewModel.swift in Sources */ = {isa = PBXBuildFile; fileRef = 79B4E0372ADC963D0073D2B0 /* ViewModel.swift */; };
		79B4E03B2ADC983C0073D2B0 /* Romita in Frameworks */ = {isa = PBXBuildFile; productRef = 79B4E03A2ADC983C0073D2B0 /* Romita */; };
		79B4E03D2ADC99AC0073D2B0 /* BlockTimerViewController.swift in Sources */ = {isa = PBXBuildFile; fileRef = 79B4E03C2ADC99AC0073D2B0 /* BlockTimerViewController.swift */; };
		79FF9BBD2AD2161300B1D8DE /* ArrayExtensionsTests.swift in Sources */ = {isa = PBXBuildFile; fileRef = 79FF9BBC2AD2161300B1D8DE /* ArrayExtensionsTests.swift */; };
		79FF9BBF2AD2172D00B1D8DE /* KeyPathExtensionsTests.swift in Sources */ = {isa = PBXBuildFile; fileRef = 79FF9BBE2AD2172D00B1D8DE /* KeyPathExtensionsTests.swift */; };
		79FF9BC12AD2182900B1D8DE /* NSDecimalNumberExtensionsTests.swift in Sources */ = {isa = PBXBuildFile; fileRef = 79FF9BC02AD2182900B1D8DE /* NSDecimalNumberExtensionsTests.swift */; };
		79FF9BC32AD21D8D00B1D8DE /* OptionalExtensionsTests.swift in Sources */ = {isa = PBXBuildFile; fileRef = 79FF9BC22AD21D8D00B1D8DE /* OptionalExtensionsTests.swift */; };
/* End PBXBuildFile section */

/* Begin PBXContainerItemProxy section */
		7928AA2F2ABF9F7800F94EDF /* PBXContainerItemProxy */ = {
			isa = PBXContainerItemProxy;
			containerPortal = 7928AA1A2ABF9F7800F94EDF /* Project object */;
			proxyType = 1;
			remoteGlobalIDString = 7928AA222ABF9F7800F94EDF;
			remoteInfo = Feige;
		};
		79B4E0342ADC962D0073D2B0 /* PBXContainerItemProxy */ = {
			isa = PBXContainerItemProxy;
			containerPortal = 7928AA1A2ABF9F7800F94EDF /* Project object */;
			proxyType = 1;
			remoteGlobalIDString = 7928AA222ABF9F7800F94EDF;
			remoteInfo = Feige;
		};
/* End PBXContainerItemProxy section */

/* Begin PBXCopyFilesBuildPhase section */
		79B4E0362ADC962D0073D2B0 /* Embed Frameworks */ = {
			isa = PBXCopyFilesBuildPhase;
			buildActionMask = 2147483647;
			dstPath = "";
			dstSubfolderSpec = 10;
			files = (
				79B4E0332ADC962D0073D2B0 /* Feige.framework in Embed Frameworks */,
			);
			name = "Embed Frameworks";
			runOnlyForDeploymentPostprocessing = 0;
		};
/* End PBXCopyFilesBuildPhase section */

/* Begin PBXFileReference section */
		74768C162ADB335700C0EABB /* BundleExtensionsTests.swift */ = {isa = PBXFileReference; lastKnownFileType = sourcecode.swift; path = BundleExtensionsTests.swift; sourceTree = "<group>"; };
		74DD80872ADAFD1800021852 /* Bundle+Extensions.swift */ = {isa = PBXFileReference; lastKnownFileType = sourcecode.swift; path = "Bundle+Extensions.swift"; sourceTree = "<group>"; };
		74DD80892ADB154F00021852 /* OSLog+Extensions.swift */ = {isa = PBXFileReference; lastKnownFileType = sourcecode.swift; path = "OSLog+Extensions.swift"; sourceTree = "<group>"; };
		7928AA232ABF9F7800F94EDF /* Feige.framework */ = {isa = PBXFileReference; explicitFileType = wrapper.framework; includeInIndex = 0; path = Feige.framework; sourceTree = BUILT_PRODUCTS_DIR; };
		7928AA262ABF9F7800F94EDF /* Feige.h */ = {isa = PBXFileReference; lastKnownFileType = sourcecode.c.h; path = Feige.h; sourceTree = "<group>"; };
		7928AA2D2ABF9F7800F94EDF /* FeigeTests.xctest */ = {isa = PBXFileReference; explicitFileType = wrapper.cfbundle; includeInIndex = 0; path = FeigeTests.xctest; sourceTree = BUILT_PRODUCTS_DIR; };
		7928AA322ABF9F7800F94EDF /* ScopeFunctionsTests.swift */ = {isa = PBXFileReference; lastKnownFileType = sourcecode.swift; path = ScopeFunctionsTests.swift; sourceTree = "<group>"; };
		7928AA3D2ABFA0D500F94EDF /* ScopeFunctions.swift */ = {isa = PBXFileReference; lastKnownFileType = sourcecode.swift; name = ScopeFunctions.swift; path = ../ScopeFunctions.swift; sourceTree = "<group>"; };
		7928AA412ABFDA7A00F94EDF /* Package.swift */ = {isa = PBXFileReference; lastKnownFileType = sourcecode.swift; path = Package.swift; sourceTree = "<group>"; };
		796567DE2AD1E770007EE6CB /* IndirectReference.swift */ = {isa = PBXFileReference; lastKnownFileType = sourcecode.swift; name = IndirectReference.swift; path = ../IndirectReference.swift; sourceTree = "<group>"; };
		796567E02AD1E9A7007EE6CB /* WeakReference.swift */ = {isa = PBXFileReference; lastKnownFileType = sourcecode.swift; path = WeakReference.swift; sourceTree = "<group>"; };
		796567E22AD1EDAF007EE6CB /* ReadWriteLock.swift */ = {isa = PBXFileReference; lastKnownFileType = sourcecode.swift; path = ReadWriteLock.swift; sourceTree = "<group>"; };
		796567E42AD1F16C007EE6CB /* Emptyable.swift */ = {isa = PBXFileReference; lastKnownFileType = sourcecode.swift; name = Emptyable.swift; path = ../Emptyable.swift; sourceTree = "<group>"; };
		796567E62AD1FAC9007EE6CB /* EmptyValueRepresentable.swift */ = {isa = PBXFileReference; lastKnownFileType = sourcecode.swift; name = EmptyValueRepresentable.swift; path = ../EmptyValueRepresentable.swift; sourceTree = "<group>"; };
		796567E82AD1FD4E007EE6CB /* Array+Extensions.swift */ = {isa = PBXFileReference; lastKnownFileType = sourcecode.swift; path = "Array+Extensions.swift"; sourceTree = "<group>"; };
		796567EA2AD2022F007EE6CB /* Error+Extensions.swift */ = {isa = PBXFileReference; lastKnownFileType = sourcecode.swift; path = "Error+Extensions.swift"; sourceTree = "<group>"; };
		796567EC2AD20545007EE6CB /* KeyPath+Extensions.swift */ = {isa = PBXFileReference; lastKnownFileType = sourcecode.swift; path = "KeyPath+Extensions.swift"; sourceTree = "<group>"; };
		796567EE2AD2073F007EE6CB /* NSDecimalNumber+Extensions.swift */ = {isa = PBXFileReference; lastKnownFileType = sourcecode.swift; path = "NSDecimalNumber+Extensions.swift"; sourceTree = "<group>"; };
		796567F02AD21179007EE6CB /* Optional+Extensions.swift */ = {isa = PBXFileReference; lastKnownFileType = sourcecode.swift; path = "Optional+Extensions.swift"; sourceTree = "<group>"; };
		796567F22AD213D8007EE6CB /* EmptyableTests.swift */ = {isa = PBXFileReference; lastKnownFileType = sourcecode.swift; path = EmptyableTests.swift; sourceTree = "<group>"; };
		799322D82AC5294C00AAD49C /* Bool+Extensions.swift */ = {isa = PBXFileReference; lastKnownFileType = sourcecode.swift; path = "Bool+Extensions.swift"; sourceTree = "<group>"; };
		799322DA2AC52A3500AAD49C /* BoolExtensionsTests.swift */ = {isa = PBXFileReference; lastKnownFileType = sourcecode.swift; path = BoolExtensionsTests.swift; sourceTree = "<group>"; };
		79B4E00D2ADC62FC0073D2B0 /* CGRect+Extensions.swift */ = {isa = PBXFileReference; lastKnownFileType = sourcecode.swift; path = "CGRect+Extensions.swift"; sourceTree = "<group>"; };
		79B4E0152ADC69030073D2B0 /* BlockTimer.swift */ = {isa = PBXFileReference; lastKnownFileType = sourcecode.swift; path = BlockTimer.swift; sourceTree = "<group>"; };
		79B4E0172ADC88760073D2B0 /* String+Extensions.swift */ = {isa = PBXFileReference; lastKnownFileType = sourcecode.swift; path = "String+Extensions.swift"; sourceTree = "<group>"; };
		79B4E01D2ADC96150073D2B0 /* Demo-iOS.app */ = {isa = PBXFileReference; explicitFileType = wrapper.application; includeInIndex = 0; path = "Demo-iOS.app"; sourceTree = BUILT_PRODUCTS_DIR; };
		79B4E01F2ADC96150073D2B0 /* AppDelegate.swift */ = {isa = PBXFileReference; lastKnownFileType = sourcecode.swift; path = AppDelegate.swift; sourceTree = "<group>"; };
		79B4E0212ADC96150073D2B0 /* SceneDelegate.swift */ = {isa = PBXFileReference; lastKnownFileType = sourcecode.swift; path = SceneDelegate.swift; sourceTree = "<group>"; };
		79B4E0232ADC96150073D2B0 /* ViewController.swift */ = {isa = PBXFileReference; lastKnownFileType = sourcecode.swift; path = ViewController.swift; sourceTree = "<group>"; };
		79B4E0282ADC96180073D2B0 /* Assets.xcassets */ = {isa = PBXFileReference; lastKnownFileType = folder.assetcatalog; path = Assets.xcassets; sourceTree = "<group>"; };
		79B4E02B2ADC96180073D2B0 /* Base */ = {isa = PBXFileReference; lastKnownFileType = file.storyboard; name = Base; path = Base.lproj/LaunchScreen.storyboard; sourceTree = "<group>"; };
		79B4E02D2ADC96180073D2B0 /* Info.plist */ = {isa = PBXFileReference; lastKnownFileType = text.plist.xml; path = Info.plist; sourceTree = "<group>"; };
		79B4E0372ADC963D0073D2B0 /* ViewModel.swift */ = {isa = PBXFileReference; lastKnownFileType = sourcecode.swift; path = ViewModel.swift; sourceTree = "<group>"; };
		79B4E03C2ADC99AC0073D2B0 /* BlockTimerViewController.swift */ = {isa = PBXFileReference; lastKnownFileType = sourcecode.swift; path = BlockTimerViewController.swift; sourceTree = "<group>"; };
		79B4E03E2ADCB03D0073D2B0 /* Info.plist */ = {isa = PBXFileReference; lastKnownFileType = text.plist.xml; path = Info.plist; sourceTree = "<group>"; };
		79FF9BBC2AD2161300B1D8DE /* ArrayExtensionsTests.swift */ = {isa = PBXFileReference; lastKnownFileType = sourcecode.swift; path = ArrayExtensionsTests.swift; sourceTree = "<group>"; };
		79FF9BBE2AD2172D00B1D8DE /* KeyPathExtensionsTests.swift */ = {isa = PBXFileReference; lastKnownFileType = sourcecode.swift; path = KeyPathExtensionsTests.swift; sourceTree = "<group>"; };
		79FF9BC02AD2182900B1D8DE /* NSDecimalNumberExtensionsTests.swift */ = {isa = PBXFileReference; lastKnownFileType = sourcecode.swift; path = NSDecimalNumberExtensionsTests.swift; sourceTree = "<group>"; };
		79FF9BC22AD21D8D00B1D8DE /* OptionalExtensionsTests.swift */ = {isa = PBXFileReference; lastKnownFileType = sourcecode.swift; path = OptionalExtensionsTests.swift; sourceTree = "<group>"; };
/* End PBXFileReference section */

/* Begin PBXFrameworksBuildPhase section */
		7928AA202ABF9F7800F94EDF /* Frameworks */ = {
			isa = PBXFrameworksBuildPhase;
			buildActionMask = 2147483647;
			files = (
			);
			runOnlyForDeploymentPostprocessing = 0;
		};
		7928AA2A2ABF9F7800F94EDF /* Frameworks */ = {
			isa = PBXFrameworksBuildPhase;
			buildActionMask = 2147483647;
			files = (
				7928AA2E2ABF9F7800F94EDF /* Feige.framework in Frameworks */,
			);
			runOnlyForDeploymentPostprocessing = 0;
		};
		79B4E01A2ADC96150073D2B0 /* Frameworks */ = {
			isa = PBXFrameworksBuildPhase;
			buildActionMask = 2147483647;
			files = (
				79B4E03B2ADC983C0073D2B0 /* Romita in Frameworks */,
				79B4E0322ADC962D0073D2B0 /* Feige.framework in Frameworks */,
			);
			runOnlyForDeploymentPostprocessing = 0;
		};
/* End PBXFrameworksBuildPhase section */

/* Begin PBXGroup section */
		7928AA192ABF9F7800F94EDF = {
			isa = PBXGroup;
			children = (
				7928AA412ABFDA7A00F94EDF /* Package.swift */,
				7928AA252ABF9F7800F94EDF /* Feige */,
				7928AA312ABF9F7800F94EDF /* FeigeTests */,
				79B4E01E2ADC96150073D2B0 /* Demo-iOS */,
				7928AA242ABF9F7800F94EDF /* Products */,
				79B4E0312ADC962D0073D2B0 /* Frameworks */,
			);
			sourceTree = "<group>";
		};
		7928AA242ABF9F7800F94EDF /* Products */ = {
			isa = PBXGroup;
			children = (
				7928AA232ABF9F7800F94EDF /* Feige.framework */,
				7928AA2D2ABF9F7800F94EDF /* FeigeTests.xctest */,
				79B4E01D2ADC96150073D2B0 /* Demo-iOS.app */,
			);
			name = Products;
			sourceTree = "<group>";
		};
		7928AA252ABF9F7800F94EDF /* Feige */ = {
			isa = PBXGroup;
			children = (
				7928AA262ABF9F7800F94EDF /* Feige.h */,
				79B4E03E2ADCB03D0073D2B0 /* Info.plist */,
				79B4E0132ADC68420073D2B0 /* Classes */,
				79B4E0112ADC67FC0073D2B0 /* Extensions */,
				79B4E0122ADC68210073D2B0 /* Protocols */,
				79B4E0142ADC68520073D2B0 /* Structs */,
			);
			path = Feige;
			sourceTree = "<group>";
		};
		7928AA312ABF9F7800F94EDF /* FeigeTests */ = {
			isa = PBXGroup;
			children = (
				7928AA322ABF9F7800F94EDF /* ScopeFunctionsTests.swift */,
				799322DA2AC52A3500AAD49C /* BoolExtensionsTests.swift */,
				796567F22AD213D8007EE6CB /* EmptyableTests.swift */,
				79FF9BBC2AD2161300B1D8DE /* ArrayExtensionsTests.swift */,
				79FF9BBE2AD2172D00B1D8DE /* KeyPathExtensionsTests.swift */,
				79FF9BC02AD2182900B1D8DE /* NSDecimalNumberExtensionsTests.swift */,
				79FF9BC22AD21D8D00B1D8DE /* OptionalExtensionsTests.swift */,
				74768C162ADB335700C0EABB /* BundleExtensionsTests.swift */,
			);
			path = FeigeTests;
			sourceTree = "<group>";
		};
		79B4E0112ADC67FC0073D2B0 /* Extensions */ = {
			isa = PBXGroup;
			children = (
				796567E82AD1FD4E007EE6CB /* Array+Extensions.swift */,
				799322D82AC5294C00AAD49C /* Bool+Extensions.swift */,
				74DD80872ADAFD1800021852 /* Bundle+Extensions.swift */,
				79B4E00D2ADC62FC0073D2B0 /* CGRect+Extensions.swift */,
				796567EA2AD2022F007EE6CB /* Error+Extensions.swift */,
				796567EC2AD20545007EE6CB /* KeyPath+Extensions.swift */,
				796567EE2AD2073F007EE6CB /* NSDecimalNumber+Extensions.swift */,
				796567F02AD21179007EE6CB /* Optional+Extensions.swift */,
				74DD80892ADB154F00021852 /* OSLog+Extensions.swift */,
				79B4E0172ADC88760073D2B0 /* String+Extensions.swift */,
			);
			name = Extensions;
			sourceTree = "<group>";
		};
		79B4E0122ADC68210073D2B0 /* Protocols */ = {
			isa = PBXGroup;
			children = (
				796567E42AD1F16C007EE6CB /* Emptyable.swift */,
				796567E62AD1FAC9007EE6CB /* EmptyValueRepresentable.swift */,
				7928AA3D2ABFA0D500F94EDF /* ScopeFunctions.swift */,
			);
			path = Protocols;
			sourceTree = "<group>";
		};
		79B4E0132ADC68420073D2B0 /* Classes */ = {
			isa = PBXGroup;
			children = (
				796567E22AD1EDAF007EE6CB /* ReadWriteLock.swift */,
				79B4E0152ADC69030073D2B0 /* BlockTimer.swift */,
				796567E02AD1E9A7007EE6CB /* WeakReference.swift */,
			);
			name = Classes;
			sourceTree = "<group>";
		};
		79B4E0142ADC68520073D2B0 /* Structs */ = {
			isa = PBXGroup;
			children = (
				796567DE2AD1E770007EE6CB /* IndirectReference.swift */,
			);
			path = Structs;
			sourceTree = "<group>";
		};
		79B4E01E2ADC96150073D2B0 /* Demo-iOS */ = {
			isa = PBXGroup;
			children = (
				79B4E01F2ADC96150073D2B0 /* AppDelegate.swift */,
				79B4E0212ADC96150073D2B0 /* SceneDelegate.swift */,
				79B4E0372ADC963D0073D2B0 /* ViewModel.swift */,
				79B4E0232ADC96150073D2B0 /* ViewController.swift */,
				79B4E03C2ADC99AC0073D2B0 /* BlockTimerViewController.swift */,
				79B4E0282ADC96180073D2B0 /* Assets.xcassets */,
				79B4E02A2ADC96180073D2B0 /* LaunchScreen.storyboard */,
				79B4E02D2ADC96180073D2B0 /* Info.plist */,
			);
			path = "Demo-iOS";
			sourceTree = "<group>";
		};
		79B4E0312ADC962D0073D2B0 /* Frameworks */ = {
			isa = PBXGroup;
			children = (
			);
			name = Frameworks;
			sourceTree = "<group>";
		};
/* End PBXGroup section */

/* Begin PBXHeadersBuildPhase section */
		7928AA1E2ABF9F7800F94EDF /* Headers */ = {
			isa = PBXHeadersBuildPhase;
			buildActionMask = 2147483647;
			files = (
				7928AA342ABF9F7800F94EDF /* Feige.h in Headers */,
			);
			runOnlyForDeploymentPostprocessing = 0;
		};
/* End PBXHeadersBuildPhase section */

/* Begin PBXNativeTarget section */
		7928AA222ABF9F7800F94EDF /* Feige */ = {
			isa = PBXNativeTarget;
			buildConfigurationList = 7928AA372ABF9F7800F94EDF /* Build configuration list for PBXNativeTarget "Feige" */;
			buildPhases = (
				7928AA1E2ABF9F7800F94EDF /* Headers */,
				7928AA1F2ABF9F7800F94EDF /* Sources */,
				7928AA202ABF9F7800F94EDF /* Frameworks */,
				7928AA212ABF9F7800F94EDF /* Resources */,
			);
			buildRules = (
			);
			dependencies = (
			);
			name = Feige;
			productName = Feige;
			productReference = 7928AA232ABF9F7800F94EDF /* Feige.framework */;
			productType = "com.apple.product-type.framework";
		};
		7928AA2C2ABF9F7800F94EDF /* FeigeTests */ = {
			isa = PBXNativeTarget;
			buildConfigurationList = 7928AA3A2ABF9F7800F94EDF /* Build configuration list for PBXNativeTarget "FeigeTests" */;
			buildPhases = (
				7928AA292ABF9F7800F94EDF /* Sources */,
				7928AA2A2ABF9F7800F94EDF /* Frameworks */,
				7928AA2B2ABF9F7800F94EDF /* Resources */,
			);
			buildRules = (
			);
			dependencies = (
				7928AA302ABF9F7800F94EDF /* PBXTargetDependency */,
			);
			name = FeigeTests;
			productName = FeigeTests;
			productReference = 7928AA2D2ABF9F7800F94EDF /* FeigeTests.xctest */;
			productType = "com.apple.product-type.bundle.unit-test";
		};
		79B4E01C2ADC96150073D2B0 /* Demo-iOS */ = {
			isa = PBXNativeTarget;
			buildConfigurationList = 79B4E02E2ADC96180073D2B0 /* Build configuration list for PBXNativeTarget "Demo-iOS" */;
			buildPhases = (
				79B4E0192ADC96150073D2B0 /* Sources */,
				79B4E01A2ADC96150073D2B0 /* Frameworks */,
				79B4E01B2ADC96150073D2B0 /* Resources */,
				79B4E0362ADC962D0073D2B0 /* Embed Frameworks */,
			);
			buildRules = (
			);
			dependencies = (
				79B4E0352ADC962D0073D2B0 /* PBXTargetDependency */,
			);
			name = "Demo-iOS";
			packageProductDependencies = (
				79B4E03A2ADC983C0073D2B0 /* Romita */,
			);
			productName = "Demo-iOS";
			productReference = 79B4E01D2ADC96150073D2B0 /* Demo-iOS.app */;
			productType = "com.apple.product-type.application";
		};
/* End PBXNativeTarget section */

/* Begin PBXProject section */
		7928AA1A2ABF9F7800F94EDF /* Project object */ = {
			isa = PBXProject;
			attributes = {
				BuildIndependentTargetsInParallel = 1;
				CLASSPREFIX = FEI;
				LastSwiftUpdateCheck = 1500;
				LastUpgradeCheck = 1500;
				ORGANIZATIONNAME = "Kosoku Interactive, LLC.";
				TargetAttributes = {
					7928AA222ABF9F7800F94EDF = {
						CreatedOnToolsVersion = 15.0;
					};
					7928AA2C2ABF9F7800F94EDF = {
						CreatedOnToolsVersion = 15.0;
					};
					79B4E01C2ADC96150073D2B0 = {
						CreatedOnToolsVersion = 15.0;
					};
				};
			};
			buildConfigurationList = 7928AA1D2ABF9F7800F94EDF /* Build configuration list for PBXProject "Feige" */;
			compatibilityVersion = "Xcode 14.0";
			developmentRegion = en;
			hasScannedForEncodings = 0;
			knownRegions = (
				en,
				Base,
			);
			mainGroup = 7928AA192ABF9F7800F94EDF;
			packageReferences = (
				79B4E0392ADC983C0073D2B0 /* XCRemoteSwiftPackageReference "Romita" */,
			);
			productRefGroup = 7928AA242ABF9F7800F94EDF /* Products */;
			projectDirPath = "";
			projectRoot = "";
			targets = (
				7928AA222ABF9F7800F94EDF /* Feige */,
				7928AA2C2ABF9F7800F94EDF /* FeigeTests */,
				79B4E01C2ADC96150073D2B0 /* Demo-iOS */,
			);
		};
/* End PBXProject section */

/* Begin PBXResourcesBuildPhase section */
		7928AA212ABF9F7800F94EDF /* Resources */ = {
			isa = PBXResourcesBuildPhase;
			buildActionMask = 2147483647;
			files = (
			);
			runOnlyForDeploymentPostprocessing = 0;
		};
		7928AA2B2ABF9F7800F94EDF /* Resources */ = {
			isa = PBXResourcesBuildPhase;
			buildActionMask = 2147483647;
			files = (
			);
			runOnlyForDeploymentPostprocessing = 0;
		};
		79B4E01B2ADC96150073D2B0 /* Resources */ = {
			isa = PBXResourcesBuildPhase;
			buildActionMask = 2147483647;
			files = (
				79B4E02C2ADC96180073D2B0 /* LaunchScreen.storyboard in Resources */,
				79B4E0292ADC96180073D2B0 /* Assets.xcassets in Resources */,
			);
			runOnlyForDeploymentPostprocessing = 0;
		};
/* End PBXResourcesBuildPhase section */

/* Begin PBXSourcesBuildPhase section */
		7928AA1F2ABF9F7800F94EDF /* Sources */ = {
			isa = PBXSourcesBuildPhase;
			buildActionMask = 2147483647;
			files = (
				796567DF2AD1E770007EE6CB /* IndirectReference.swift in Sources */,
				796567F12AD21179007EE6CB /* Optional+Extensions.swift in Sources */,
				796567EF2AD2073F007EE6CB /* NSDecimalNumber+Extensions.swift in Sources */,
				74DD80882ADAFD1800021852 /* Bundle+Extensions.swift in Sources */,
				79B4E00E2ADC62FC0073D2B0 /* CGRect+Extensions.swift in Sources */,
				796567E72AD1FAC9007EE6CB /* EmptyValueRepresentable.swift in Sources */,
				796567EB2AD2022F007EE6CB /* Error+Extensions.swift in Sources */,
				79B4E0162ADC69030073D2B0 /* BlockTimer.swift in Sources */,
				796567E12AD1E9A7007EE6CB /* WeakReference.swift in Sources */,
				796567E92AD1FD4E007EE6CB /* Array+Extensions.swift in Sources */,
				7928AA402ABFCE8F00F94EDF /* ScopeFunctions.swift in Sources */,
				796567ED2AD20545007EE6CB /* KeyPath+Extensions.swift in Sources */,
				79B4E0182ADC88760073D2B0 /* String+Extensions.swift in Sources */,
				74DD808A2ADB154F00021852 /* OSLog+Extensions.swift in Sources */,
				799322D92AC5294C00AAD49C /* Bool+Extensions.swift in Sources */,
				796567E32AD1EDAF007EE6CB /* ReadWriteLock.swift in Sources */,
				796567E52AD1F16C007EE6CB /* Emptyable.swift in Sources */,
			);
			runOnlyForDeploymentPostprocessing = 0;
		};
		7928AA292ABF9F7800F94EDF /* Sources */ = {
			isa = PBXSourcesBuildPhase;
			buildActionMask = 2147483647;
			files = (
				7928AA332ABF9F7800F94EDF /* ScopeFunctionsTests.swift in Sources */,
				796567F32AD213D8007EE6CB /* EmptyableTests.swift in Sources */,
				79FF9BC32AD21D8D00B1D8DE /* OptionalExtensionsTests.swift in Sources */,
				74768C172ADB335700C0EABB /* BundleExtensionsTests.swift in Sources */,
				799322DB2AC52A3500AAD49C /* BoolExtensionsTests.swift in Sources */,
				79FF9BBD2AD2161300B1D8DE /* ArrayExtensionsTests.swift in Sources */,
				79FF9BBF2AD2172D00B1D8DE /* KeyPathExtensionsTests.swift in Sources */,
				79FF9BC12AD2182900B1D8DE /* NSDecimalNumberExtensionsTests.swift in Sources */,
			);
			runOnlyForDeploymentPostprocessing = 0;
		};
		79B4E0192ADC96150073D2B0 /* Sources */ = {
			isa = PBXSourcesBuildPhase;
			buildActionMask = 2147483647;
			files = (
				79B4E03D2ADC99AC0073D2B0 /* BlockTimerViewController.swift in Sources */,
				79B4E0242ADC96150073D2B0 /* ViewController.swift in Sources */,
				79B4E0202ADC96150073D2B0 /* AppDelegate.swift in Sources */,
				79B4E0382ADC963D0073D2B0 /* ViewModel.swift in Sources */,
				79B4E0222ADC96150073D2B0 /* SceneDelegate.swift in Sources */,
			);
			runOnlyForDeploymentPostprocessing = 0;
		};
/* End PBXSourcesBuildPhase section */

/* Begin PBXTargetDependency section */
		7928AA302ABF9F7800F94EDF /* PBXTargetDependency */ = {
			isa = PBXTargetDependency;
			target = 7928AA222ABF9F7800F94EDF /* Feige */;
			targetProxy = 7928AA2F2ABF9F7800F94EDF /* PBXContainerItemProxy */;
		};
		79B4E0352ADC962D0073D2B0 /* PBXTargetDependency */ = {
			isa = PBXTargetDependency;
			target = 7928AA222ABF9F7800F94EDF /* Feige */;
			targetProxy = 79B4E0342ADC962D0073D2B0 /* PBXContainerItemProxy */;
		};
/* End PBXTargetDependency section */

/* Begin PBXVariantGroup section */
		79B4E02A2ADC96180073D2B0 /* LaunchScreen.storyboard */ = {
			isa = PBXVariantGroup;
			children = (
				79B4E02B2ADC96180073D2B0 /* Base */,
			);
			name = LaunchScreen.storyboard;
			sourceTree = "<group>";
		};
/* End PBXVariantGroup section */

/* Begin XCBuildConfiguration section */
		7928AA352ABF9F7800F94EDF /* Debug */ = {
			isa = XCBuildConfiguration;
			buildSettings = {
				ALWAYS_SEARCH_USER_PATHS = NO;
				ASSETCATALOG_COMPILER_GENERATE_SWIFT_ASSET_SYMBOL_EXTENSIONS = YES;
				CLANG_ANALYZER_NONNULL = YES;
				CLANG_ANALYZER_NUMBER_OBJECT_CONVERSION = YES_AGGRESSIVE;
				CLANG_CXX_LANGUAGE_STANDARD = "gnu++20";
				CLANG_ENABLE_MODULES = YES;
				CLANG_ENABLE_OBJC_ARC = YES;
				CLANG_ENABLE_OBJC_WEAK = YES;
				CLANG_WARN_BLOCK_CAPTURE_AUTORELEASING = YES;
				CLANG_WARN_BOOL_CONVERSION = YES;
				CLANG_WARN_COMMA = YES;
				CLANG_WARN_CONSTANT_CONVERSION = YES;
				CLANG_WARN_DEPRECATED_OBJC_IMPLEMENTATIONS = YES;
				CLANG_WARN_DIRECT_OBJC_ISA_USAGE = YES_ERROR;
				CLANG_WARN_DOCUMENTATION_COMMENTS = YES;
				CLANG_WARN_EMPTY_BODY = YES;
				CLANG_WARN_ENUM_CONVERSION = YES;
				CLANG_WARN_INFINITE_RECURSION = YES;
				CLANG_WARN_INT_CONVERSION = YES;
				CLANG_WARN_NON_LITERAL_NULL_CONVERSION = YES;
				CLANG_WARN_OBJC_IMPLICIT_RETAIN_SELF = YES;
				CLANG_WARN_OBJC_LITERAL_CONVERSION = YES;
				CLANG_WARN_OBJC_ROOT_CLASS = YES_ERROR;
				CLANG_WARN_QUOTED_INCLUDE_IN_FRAMEWORK_HEADER = YES;
				CLANG_WARN_RANGE_LOOP_ANALYSIS = YES;
				CLANG_WARN_STRICT_PROTOTYPES = YES;
				CLANG_WARN_SUSPICIOUS_MOVE = YES;
				CLANG_WARN_UNGUARDED_AVAILABILITY = YES_AGGRESSIVE;
				CLANG_WARN_UNREACHABLE_CODE = YES;
				CLANG_WARN__DUPLICATE_METHOD_MATCH = YES;
				COPY_PHASE_STRIP = NO;
				CURRENT_PROJECT_VERSION = 1;
				DEBUG_INFORMATION_FORMAT = dwarf;
				ENABLE_STRICT_OBJC_MSGSEND = YES;
				ENABLE_TESTABILITY = YES;
				ENABLE_USER_SCRIPT_SANDBOXING = YES;
				GCC_C_LANGUAGE_STANDARD = gnu17;
				GCC_DYNAMIC_NO_PIC = NO;
				GCC_NO_COMMON_BLOCKS = YES;
				GCC_OPTIMIZATION_LEVEL = 0;
				GCC_PREPROCESSOR_DEFINITIONS = (
					"DEBUG=1",
					"$(inherited)",
				);
				GCC_WARN_64_TO_32_BIT_CONVERSION = YES;
				GCC_WARN_ABOUT_RETURN_TYPE = YES_ERROR;
				GCC_WARN_UNDECLARED_SELECTOR = YES;
				GCC_WARN_UNINITIALIZED_AUTOS = YES_AGGRESSIVE;
				GCC_WARN_UNUSED_FUNCTION = YES;
				GCC_WARN_UNUSED_VARIABLE = YES;
				LOCALIZATION_PREFERS_STRING_CATALOGS = YES;
				MTL_ENABLE_DEBUG_INFO = INCLUDE_SOURCE;
				MTL_FAST_MATH = YES;
				ONLY_ACTIVE_ARCH = YES;
				SWIFT_ACTIVE_COMPILATION_CONDITIONS = "DEBUG $(inherited)";
				SWIFT_OPTIMIZATION_LEVEL = "-Onone";
				VERSIONING_SYSTEM = "apple-generic";
				VERSION_INFO_PREFIX = "";
			};
			name = Debug;
		};
		7928AA362ABF9F7800F94EDF /* Release */ = {
			isa = XCBuildConfiguration;
			buildSettings = {
				ALWAYS_SEARCH_USER_PATHS = NO;
				ASSETCATALOG_COMPILER_GENERATE_SWIFT_ASSET_SYMBOL_EXTENSIONS = YES;
				CLANG_ANALYZER_NONNULL = YES;
				CLANG_ANALYZER_NUMBER_OBJECT_CONVERSION = YES_AGGRESSIVE;
				CLANG_CXX_LANGUAGE_STANDARD = "gnu++20";
				CLANG_ENABLE_MODULES = YES;
				CLANG_ENABLE_OBJC_ARC = YES;
				CLANG_ENABLE_OBJC_WEAK = YES;
				CLANG_WARN_BLOCK_CAPTURE_AUTORELEASING = YES;
				CLANG_WARN_BOOL_CONVERSION = YES;
				CLANG_WARN_COMMA = YES;
				CLANG_WARN_CONSTANT_CONVERSION = YES;
				CLANG_WARN_DEPRECATED_OBJC_IMPLEMENTATIONS = YES;
				CLANG_WARN_DIRECT_OBJC_ISA_USAGE = YES_ERROR;
				CLANG_WARN_DOCUMENTATION_COMMENTS = YES;
				CLANG_WARN_EMPTY_BODY = YES;
				CLANG_WARN_ENUM_CONVERSION = YES;
				CLANG_WARN_INFINITE_RECURSION = YES;
				CLANG_WARN_INT_CONVERSION = YES;
				CLANG_WARN_NON_LITERAL_NULL_CONVERSION = YES;
				CLANG_WARN_OBJC_IMPLICIT_RETAIN_SELF = YES;
				CLANG_WARN_OBJC_LITERAL_CONVERSION = YES;
				CLANG_WARN_OBJC_ROOT_CLASS = YES_ERROR;
				CLANG_WARN_QUOTED_INCLUDE_IN_FRAMEWORK_HEADER = YES;
				CLANG_WARN_RANGE_LOOP_ANALYSIS = YES;
				CLANG_WARN_STRICT_PROTOTYPES = YES;
				CLANG_WARN_SUSPICIOUS_MOVE = YES;
				CLANG_WARN_UNGUARDED_AVAILABILITY = YES_AGGRESSIVE;
				CLANG_WARN_UNREACHABLE_CODE = YES;
				CLANG_WARN__DUPLICATE_METHOD_MATCH = YES;
				COPY_PHASE_STRIP = NO;
				CURRENT_PROJECT_VERSION = 1;
				DEBUG_INFORMATION_FORMAT = "dwarf-with-dsym";
				ENABLE_NS_ASSERTIONS = NO;
				ENABLE_STRICT_OBJC_MSGSEND = YES;
				ENABLE_USER_SCRIPT_SANDBOXING = YES;
				GCC_C_LANGUAGE_STANDARD = gnu17;
				GCC_NO_COMMON_BLOCKS = YES;
				GCC_WARN_64_TO_32_BIT_CONVERSION = YES;
				GCC_WARN_ABOUT_RETURN_TYPE = YES_ERROR;
				GCC_WARN_UNDECLARED_SELECTOR = YES;
				GCC_WARN_UNINITIALIZED_AUTOS = YES_AGGRESSIVE;
				GCC_WARN_UNUSED_FUNCTION = YES;
				GCC_WARN_UNUSED_VARIABLE = YES;
				LOCALIZATION_PREFERS_STRING_CATALOGS = YES;
				MTL_ENABLE_DEBUG_INFO = NO;
				MTL_FAST_MATH = YES;
				SWIFT_COMPILATION_MODE = wholemodule;
				VERSIONING_SYSTEM = "apple-generic";
				VERSION_INFO_PREFIX = "";
			};
			name = Release;
		};
		7928AA382ABF9F7800F94EDF /* Debug */ = {
			isa = XCBuildConfiguration;
			buildSettings = {
				CODE_SIGN_STYLE = Automatic;
				CURRENT_PROJECT_VERSION = 1;
				DEFINES_MODULE = YES;
				DEVELOPMENT_TEAM = 74KPPW2K35;
				DYLIB_COMPATIBILITY_VERSION = 1;
				DYLIB_CURRENT_VERSION = 1;
				DYLIB_INSTALL_NAME_BASE = "@rpath";
				ENABLE_MODULE_VERIFIER = YES;
				GENERATE_INFOPLIST_FILE = NO;
				INFOPLIST_FILE = "$(TARGET_NAME)/Info.plist";
				INFOPLIST_KEY_NSHumanReadableCopyright = "Kosoku Interactive, LLC.";
				INSTALL_PATH = "$(LOCAL_LIBRARY_DIR)/Frameworks";
				IPHONEOS_DEPLOYMENT_TARGET = 14.0;
				LD_RUNPATH_SEARCH_PATHS = (
					"@executable_path/Frameworks",
					"@loader_path/Frameworks",
				);
				"LD_RUNPATH_SEARCH_PATHS[sdk=macosx*]" = (
					"@executable_path/../Frameworks",
					"@loader_path/Frameworks",
				);
				MACOSX_DEPLOYMENT_TARGET = 11.0;
				MARKETING_VERSION = 2.1.0;
				MODULE_VERIFIER_SUPPORTED_LANGUAGES = "objective-c objective-c++";
				MODULE_VERIFIER_SUPPORTED_LANGUAGE_STANDARDS = "gnu17 gnu++20";
				PRODUCT_BUNDLE_IDENTIFIER = com.kosoku.Feige;
				PRODUCT_NAME = "$(TARGET_NAME:c99extidentifier)";
				SDKROOT = auto;
				SKIP_INSTALL = YES;
				SUPPORTED_PLATFORMS = "appletvos appletvsimulator iphoneos iphonesimulator macosx watchos watchsimulator";
				SUPPORTS_MACCATALYST = NO;
				SWIFT_EMIT_LOC_STRINGS = YES;
				SWIFT_VERSION = 5.0;
				TARGETED_DEVICE_FAMILY = "1,2,3,4";
				TVOS_DEPLOYMENT_TARGET = 13.0;
				WATCHOS_DEPLOYMENT_TARGET = 5.0;
			};
			name = Debug;
		};
		7928AA392ABF9F7800F94EDF /* Release */ = {
			isa = XCBuildConfiguration;
			buildSettings = {
				CODE_SIGN_STYLE = Automatic;
				CURRENT_PROJECT_VERSION = 1;
				DEFINES_MODULE = YES;
				DEVELOPMENT_TEAM = 74KPPW2K35;
				DYLIB_COMPATIBILITY_VERSION = 1;
				DYLIB_CURRENT_VERSION = 1;
				DYLIB_INSTALL_NAME_BASE = "@rpath";
				ENABLE_MODULE_VERIFIER = YES;
				GENERATE_INFOPLIST_FILE = NO;
				INFOPLIST_FILE = "$(TARGET_NAME)/Info.plist";
				INFOPLIST_KEY_NSHumanReadableCopyright = "Kosoku Interactive, LLC.";
				INSTALL_PATH = "$(LOCAL_LIBRARY_DIR)/Frameworks";
				IPHONEOS_DEPLOYMENT_TARGET = 14.0;
				LD_RUNPATH_SEARCH_PATHS = (
					"@executable_path/Frameworks",
					"@loader_path/Frameworks",
				);
				"LD_RUNPATH_SEARCH_PATHS[sdk=macosx*]" = (
					"@executable_path/../Frameworks",
					"@loader_path/Frameworks",
				);
				MACOSX_DEPLOYMENT_TARGET = 11.0;
				MARKETING_VERSION = 2.1.0;
				MODULE_VERIFIER_SUPPORTED_LANGUAGES = "objective-c objective-c++";
				MODULE_VERIFIER_SUPPORTED_LANGUAGE_STANDARDS = "gnu17 gnu++20";
				PRODUCT_BUNDLE_IDENTIFIER = com.kosoku.Feige;
				PRODUCT_NAME = "$(TARGET_NAME:c99extidentifier)";
				SDKROOT = auto;
				SKIP_INSTALL = YES;
				SUPPORTED_PLATFORMS = "appletvos appletvsimulator iphoneos iphonesimulator macosx watchos watchsimulator";
				SUPPORTS_MACCATALYST = NO;
				SWIFT_EMIT_LOC_STRINGS = YES;
				SWIFT_VERSION = 5.0;
				TARGETED_DEVICE_FAMILY = "1,2,3,4";
				TVOS_DEPLOYMENT_TARGET = 13.0;
				WATCHOS_DEPLOYMENT_TARGET = 5.0;
			};
			name = Release;
		};
		7928AA3B2ABF9F7800F94EDF /* Debug */ = {
			isa = XCBuildConfiguration;
			buildSettings = {
				ALWAYS_EMBED_SWIFT_STANDARD_LIBRARIES = YES;
				CODE_SIGN_STYLE = Automatic;
				CURRENT_PROJECT_VERSION = 1;
				DEVELOPMENT_TEAM = 74KPPW2K35;
				GENERATE_INFOPLIST_FILE = YES;
				IPHONEOS_DEPLOYMENT_TARGET = 17.0;
				MACOSX_DEPLOYMENT_TARGET = 13.5;
				MARKETING_VERSION = 1.0;
				PRODUCT_BUNDLE_IDENTIFIER = com.kosoku.FeigeTests;
				PRODUCT_NAME = "$(TARGET_NAME)";
				SDKROOT = auto;
				SUPPORTED_PLATFORMS = "iphoneos iphonesimulator macosx";
				SWIFT_EMIT_LOC_STRINGS = NO;
				SWIFT_VERSION = 5.0;
				TARGETED_DEVICE_FAMILY = "1,2";
			};
			name = Debug;
		};
		7928AA3C2ABF9F7800F94EDF /* Release */ = {
			isa = XCBuildConfiguration;
			buildSettings = {
				ALWAYS_EMBED_SWIFT_STANDARD_LIBRARIES = YES;
				CODE_SIGN_STYLE = Automatic;
				CURRENT_PROJECT_VERSION = 1;
				DEVELOPMENT_TEAM = 74KPPW2K35;
				GENERATE_INFOPLIST_FILE = YES;
				IPHONEOS_DEPLOYMENT_TARGET = 17.0;
				MACOSX_DEPLOYMENT_TARGET = 13.5;
				MARKETING_VERSION = 1.0;
				PRODUCT_BUNDLE_IDENTIFIER = com.kosoku.FeigeTests;
				PRODUCT_NAME = "$(TARGET_NAME)";
				SDKROOT = auto;
				SUPPORTED_PLATFORMS = "iphoneos iphonesimulator macosx";
				SWIFT_EMIT_LOC_STRINGS = NO;
				SWIFT_VERSION = 5.0;
				TARGETED_DEVICE_FAMILY = "1,2";
			};
			name = Release;
		};
		79B4E02F2ADC96180073D2B0 /* Debug */ = {
			isa = XCBuildConfiguration;
			buildSettings = {
				ASSETCATALOG_COMPILER_APPICON_NAME = AppIcon;
				ASSETCATALOG_COMPILER_GLOBAL_ACCENT_COLOR_NAME = AccentColor;
				CODE_SIGN_STYLE = Automatic;
				CURRENT_PROJECT_VERSION = 1;
				DEVELOPMENT_TEAM = 74KPPW2K35;
				GENERATE_INFOPLIST_FILE = YES;
				INFOPLIST_FILE = "Demo-iOS/Info.plist";
				INFOPLIST_KEY_UIApplicationSupportsIndirectInputEvents = YES;
				INFOPLIST_KEY_UILaunchStoryboardName = LaunchScreen;
				INFOPLIST_KEY_UISupportedInterfaceOrientations_iPad = "UIInterfaceOrientationPortrait UIInterfaceOrientationPortraitUpsideDown UIInterfaceOrientationLandscapeLeft UIInterfaceOrientationLandscapeRight";
				INFOPLIST_KEY_UISupportedInterfaceOrientations_iPhone = "UIInterfaceOrientationPortrait UIInterfaceOrientationLandscapeLeft UIInterfaceOrientationLandscapeRight";
				IPHONEOS_DEPLOYMENT_TARGET = 17.0;
				LD_RUNPATH_SEARCH_PATHS = (
					"$(inherited)",
					"@executable_path/Frameworks",
				);
				MARKETING_VERSION = 2.1.0;
				PRODUCT_BUNDLE_IDENTIFIER = "com.kosoku.Feige.Demo-iOS";
				PRODUCT_NAME = "$(TARGET_NAME)";
				SDKROOT = iphoneos;
				SWIFT_EMIT_LOC_STRINGS = YES;
				SWIFT_VERSION = 5.0;
				TARGETED_DEVICE_FAMILY = "1,2";
			};
			name = Debug;
		};
		79B4E0302ADC96180073D2B0 /* Release */ = {
			isa = XCBuildConfiguration;
			buildSettings = {
				ASSETCATALOG_COMPILER_APPICON_NAME = AppIcon;
				ASSETCATALOG_COMPILER_GLOBAL_ACCENT_COLOR_NAME = AccentColor;
				CODE_SIGN_STYLE = Automatic;
				CURRENT_PROJECT_VERSION = 1;
				DEVELOPMENT_TEAM = 74KPPW2K35;
				GENERATE_INFOPLIST_FILE = YES;
				INFOPLIST_FILE = "Demo-iOS/Info.plist";
				INFOPLIST_KEY_UIApplicationSupportsIndirectInputEvents = YES;
				INFOPLIST_KEY_UILaunchStoryboardName = LaunchScreen;
				INFOPLIST_KEY_UISupportedInterfaceOrientations_iPad = "UIInterfaceOrientationPortrait UIInterfaceOrientationPortraitUpsideDown UIInterfaceOrientationLandscapeLeft UIInterfaceOrientationLandscapeRight";
				INFOPLIST_KEY_UISupportedInterfaceOrientations_iPhone = "UIInterfaceOrientationPortrait UIInterfaceOrientationLandscapeLeft UIInterfaceOrientationLandscapeRight";
				IPHONEOS_DEPLOYMENT_TARGET = 17.0;
				LD_RUNPATH_SEARCH_PATHS = (
					"$(inherited)",
					"@executable_path/Frameworks",
				);
				MARKETING_VERSION = 2.1.0;
				PRODUCT_BUNDLE_IDENTIFIER = "com.kosoku.Feige.Demo-iOS";
				PRODUCT_NAME = "$(TARGET_NAME)";
				SDKROOT = iphoneos;
				SWIFT_EMIT_LOC_STRINGS = YES;
				SWIFT_VERSION = 5.0;
				TARGETED_DEVICE_FAMILY = "1,2";
				VALIDATE_PRODUCT = YES;
			};
			name = Release;
		};
/* End XCBuildConfiguration section */

/* Begin XCConfigurationList section */
		7928AA1D2ABF9F7800F94EDF /* Build configuration list for PBXProject "Feige" */ = {
			isa = XCConfigurationList;
			buildConfigurations = (
				7928AA352ABF9F7800F94EDF /* Debug */,
				7928AA362ABF9F7800F94EDF /* Release */,
			);
			defaultConfigurationIsVisible = 0;
			defaultConfigurationName = Release;
		};
		7928AA372ABF9F7800F94EDF /* Build configuration list for PBXNativeTarget "Feige" */ = {
			isa = XCConfigurationList;
			buildConfigurations = (
				7928AA382ABF9F7800F94EDF /* Debug */,
				7928AA392ABF9F7800F94EDF /* Release */,
			);
			defaultConfigurationIsVisible = 0;
			defaultConfigurationName = Release;
		};
		7928AA3A2ABF9F7800F94EDF /* Build configuration list for PBXNativeTarget "FeigeTests" */ = {
			isa = XCConfigurationList;
			buildConfigurations = (
				7928AA3B2ABF9F7800F94EDF /* Debug */,
				7928AA3C2ABF9F7800F94EDF /* Release */,
			);
			defaultConfigurationIsVisible = 0;
			defaultConfigurationName = Release;
		};
		79B4E02E2ADC96180073D2B0 /* Build configuration list for PBXNativeTarget "Demo-iOS" */ = {
			isa = XCConfigurationList;
			buildConfigurations = (
				79B4E02F2ADC96180073D2B0 /* Debug */,
				79B4E0302ADC96180073D2B0 /* Release */,
			);
			defaultConfigurationIsVisible = 0;
			defaultConfigurationName = Release;
		};
/* End XCConfigurationList section */

/* Begin XCRemoteSwiftPackageReference section */
		79B4E0392ADC983C0073D2B0 /* XCRemoteSwiftPackageReference "Romita" */ = {
			isa = XCRemoteSwiftPackageReference;
			repositoryURL = "https://github.com/Kosoku/Romita";
			requirement = {
				kind = upToNextMajorVersion;
				minimumVersion = 1.1.0;
			};
		};
/* End XCRemoteSwiftPackageReference section */

/* Begin XCSwiftPackageProductDependency section */
		79B4E03A2ADC983C0073D2B0 /* Romita */ = {
			isa = XCSwiftPackageProductDependency;
			package = 79B4E0392ADC983C0073D2B0 /* XCRemoteSwiftPackageReference "Romita" */;
			productName = Romita;
		};
/* End XCSwiftPackageProductDependency section */
	};
	rootObject = 7928AA1A2ABF9F7800F94EDF /* Project object */;
}
